# This file is generated by running "yarn install" inside your project.
# Manual changes might be lost - proceed with caution!

__metadata:
  version: 4
  cacheKey: 8

"abbott@npm:^1.1.3":
  version: 1.1.3
  resolution: "abbott@npm:1.1.3"
  checksum: c281b6ceecb8d207b1581e744d449aba60edb38fb41cdedf700e24f37fc2e0995996e1d375d98dd9a48867aa05e6605195523854d3dd0d844f4f3a839aa51ac6
  languageName: node
  linkType: hard

"accepts@npm:~1.3.5, accepts@npm:~1.3.7":
  version: 1.3.7
  resolution: "accepts@npm:1.3.7"
  dependencies:
    mime-types: ~2.1.24
    negotiator: 0.6.2
  checksum: 27fc8060ffc69481ff6719cd3ee06387d2b88381cb0ce626f087781bbd02201a645a9febc8e7e7333558354b33b1d2f922ad13560be4ec1b7ba9e76fc1c1241d
  languageName: node
  linkType: hard

"array-flatten@npm:1.1.1":
  version: 1.1.1
  resolution: "array-flatten@npm:1.1.1"
  checksum: a9925bf3512d9dce202112965de90c222cd59a4fbfce68a0951d25d965cf44642931f40aac72309c41f12df19afa010ecadceb07cfff9ccc1621e99d89ab5f3b
  languageName: node
  linkType: hard

"axios@npm:^0.21.1":
  version: 0.21.1
  resolution: "axios@npm:0.21.1"
  dependencies:
    follow-redirects: ^1.10.0
  checksum: c87915fa0b18c15c63350112b6b3563a3e2ae524d7707de0a73d2e065e0d30c5d3da8563037bc29d4cc1b7424b5a350cb7274fa52525c6c04a615fe561c6ab11
  languageName: node
  linkType: hard

"basic-auth@npm:~2.0.1":
  version: 2.0.1
  resolution: "basic-auth@npm:2.0.1"
  dependencies:
    safe-buffer: 5.1.2
  checksum: 3419b805d5dfc518f3a05dcf42aa53aa9ce820e50b6df5097f9e186322e1bc733c36722b624802cd37e791035aa73b828ed814d8362333d42d7f5cd04d7a5e48
  languageName: node
  linkType: hard

"body-parser@npm:1.19.0":
  version: 1.19.0
  resolution: "body-parser@npm:1.19.0"
  dependencies:
    bytes: 3.1.0
    content-type: ~1.0.4
    debug: 2.6.9
    depd: ~1.1.2
    http-errors: 1.7.2
    iconv-lite: 0.4.24
    on-finished: ~2.3.0
    qs: 6.7.0
    raw-body: 2.4.0
    type-is: ~1.6.17
  checksum: 490231b4c89bbd43112762f7ba8e5342c174a6c9f64284a3b0fcabf63277e332f8316765596f1e5b15e4f3a6cf0422e005f4bb3149ed3a224bb025b7a36b9ac1
  languageName: node
  linkType: hard

"bytes@npm:3.0.0":
  version: 3.0.0
  resolution: "bytes@npm:3.0.0"
  checksum: a2b386dd8188849a5325f58eef69c3b73c51801c08ffc6963eddc9be244089ba32d19347caf6d145c86f315ae1b1fc7061a32b0c1aa6379e6a719090287ed101
  languageName: node
  linkType: hard

"bytes@npm:3.1.0":
  version: 3.1.0
  resolution: "bytes@npm:3.1.0"
  checksum: 7c3b21c5d9d44ed455460d5d36a31abc6fa2ce3807964ba60a4b03fd44454c8cf07bb0585af83bfde1c5cc2ea4bbe5897bc3d18cd15e0acf25a3615a35aba2df
  languageName: node
  linkType: hard

"compressible@npm:~2.0.16":
  version: 2.0.18
  resolution: "compressible@npm:2.0.18"
  dependencies:
    mime-db: ">= 1.43.0 < 2"
  checksum: 58321a85b375d39230405654721353f709d0c1442129e9a17081771b816302a012471a9b8f4864c7dbe02eef7f2aaac3c614795197092262e94b409c9be108f0
  languageName: node
  linkType: hard

"compression@npm:^1.7.4":
  version: 1.7.4
  resolution: "compression@npm:1.7.4"
  dependencies:
    accepts: ~1.3.5
    bytes: 3.0.0
    compressible: ~2.0.16
    debug: 2.6.9
    on-headers: ~1.0.2
    safe-buffer: 5.1.2
    vary: ~1.1.2
  checksum: 35c0f2eb1f28418978615dc1bc02075b34b1568f7f56c62d60f4214d4b7cc00d0f6d282b5f8a954f59872396bd770b6b15ffd8aa94c67d4bce9b8887b906999b
  languageName: node
  linkType: hard

"content-disposition@npm:0.5.3":
  version: 0.5.3
  resolution: "content-disposition@npm:0.5.3"
  dependencies:
    safe-buffer: 5.1.2
  checksum: 95bf164c0b0b8199d3f44b7631e51b37f683c6a90b9baa4315bd3d405a6d1bc81b7346f0981046aa004331fb3d7a28b629514d01fc209a5251573fc7e4d33380
  languageName: node
  linkType: hard

"content-type@npm:~1.0.4":
  version: 1.0.4
  resolution: "content-type@npm:1.0.4"
  checksum: 3d93585fda985d1554eca5ebd251994327608d2e200978fdbfba21c0c679914d5faf266d17027de44b34a72c7b0745b18584ecccaa7e1fdfb6a68ac7114f12e0
  languageName: node
  linkType: hard

"cookie-parser@npm:^1.4.4":
  version: 1.4.5
  resolution: "cookie-parser@npm:1.4.5"
  dependencies:
    cookie: 0.4.0
    cookie-signature: 1.0.6
  checksum: 09b41e191af8e472229b53468b858a53f64a355b438ecb56a38be2a729b862b8233041e5af102115caebae534d399813ec7270b68a949bba3b987b38555c30b6
  languageName: node
  linkType: hard

"cookie-signature@npm:1.0.6":
  version: 1.0.6
  resolution: "cookie-signature@npm:1.0.6"
  checksum: f4e1b0a98a27a0e6e66fd7ea4e4e9d8e038f624058371bf4499cfcd8f3980be9a121486995202ba3fca74fbed93a407d6d54d43a43f96fd28d0bd7a06761591a
  languageName: node
  linkType: hard

"cookie@npm:0.4.0":
  version: 0.4.0
  resolution: "cookie@npm:0.4.0"
  checksum: 760384ba0aef329c52523747e36a452b5e51bc49b34160363a6934e7b7df3f93fcc88b35e33450361535d40a92a96412da870e1816aba9aa6cc556a9fedd8492
  languageName: node
  linkType: hard

"cookie@npm:^0.3.1":
  version: 0.3.1
  resolution: "cookie@npm:0.3.1"
  checksum: 5309937344947a049283573861c24bed054fac3334ce5a0fa74b9bc6bf39bd387d3a0fca7f3ed6f4a09f112de82c00b541a0e7d6ce7a8de0f5d1301eec799730
  languageName: node
  linkType: hard

"debug@npm:2.6.9":
  version: 2.6.9
  resolution: "debug@npm:2.6.9"
  dependencies:
    ms: 2.0.0
  checksum: d2f51589ca66df60bf36e1fa6e4386b318c3f1e06772280eea5b1ae9fd3d05e9c2b7fd8a7d862457d00853c75b00451aa2d7459b924629ee385287a650f58fe6
  languageName: node
  linkType: hard

"debug@npm:~4.3.1":
  version: 4.3.1
  resolution: "debug@npm:4.3.1"
  dependencies:
    ms: 2.1.2
  peerDependenciesMeta:
    supports-color:
      optional: true
  checksum: 2c3352e37d5c46b0d203317cd45ea0e26b2c99f2d9dfec8b128e6ceba90dfb65425f5331bf3020fe9929d7da8c16758e737f4f3bfc0fce6b8b3d503bae03298b
  languageName: node
  linkType: hard

"depd@npm:~1.1.2":
  version: 1.1.2
  resolution: "depd@npm:1.1.2"
  checksum: 6b406620d269619852885ce15965272b829df6f409724415e0002c8632ab6a8c0a08ec1f0bd2add05dc7bd7507606f7e2cc034fa24224ab829580040b835ecd9
  languageName: node
  linkType: hard

"depd@npm:~2.0.0":
  version: 2.0.0
  resolution: "depd@npm:2.0.0"
  checksum: abbe19c768c97ee2eed6282d8ce3031126662252c58d711f646921c9623f9052e3e1906443066beec1095832f534e57c523b7333f8e7e0d93051ab6baef5ab3a
  languageName: node
  linkType: hard

"destroy@npm:~1.0.4":
  version: 1.0.4
  resolution: "destroy@npm:1.0.4"
  checksum: da9ab4961dc61677c709da0c25ef01733042614453924d65636a7db37308fef8a24cd1e07172e61173d471ca175371295fbc984b0af5b2b4ff47cd57bd784c03
  languageName: node
  linkType: hard

"dotenv@npm:^10.0.0":
  version: 10.0.0
  resolution: "dotenv@npm:10.0.0"
  checksum: f412c5fe8c24fbe313d302d2500e247ba8a1946492db405a4de4d30dd0eb186a88a43f13c958c5a7de303938949c4231c56994f97d05c4bc1f22478d631b4005
  languageName: node
  linkType: hard

"ee-first@npm:1.1.1":
  version: 1.1.1
  resolution: "ee-first@npm:1.1.1"
  checksum: 1b4cac778d64ce3b582a7e26b218afe07e207a0f9bfe13cc7395a6d307849cfe361e65033c3251e00c27dd060cab43014c2d6b2647676135e18b77d2d05b3f4f
  languageName: node
  linkType: hard

"encodeurl@npm:~1.0.2":
  version: 1.0.2
  resolution: "encodeurl@npm:1.0.2"
  checksum: e50e3d508cdd9c4565ba72d2012e65038e5d71bdc9198cb125beb6237b5b1ade6c0d343998da9e170fb2eae52c1bed37d4d6d98a46ea423a0cddbed5ac3f780c
  languageName: node
  linkType: hard

"escape-html@npm:~1.0.3":
  version: 1.0.3
  resolution: "escape-html@npm:1.0.3"
  checksum: 6213ca9ae00d0ab8bccb6d8d4e0a98e76237b2410302cf7df70aaa6591d509a2a37ce8998008cbecae8fc8ffaadf3fb0229535e6a145f3ce0b211d060decbb24
  languageName: node
  linkType: hard

"etag@npm:~1.8.1":
  version: 1.8.1
  resolution: "etag@npm:1.8.1"
  checksum: 571aeb3dbe0f2bbd4e4fadbdb44f325fc75335cd5f6f6b6a091e6a06a9f25ed5392f0863c5442acb0646787446e816f13cbfc6edce5b07658541dff573cab1ff
  languageName: node
  linkType: hard

"express-bearer-token@npm:^2.4.0":
  version: 2.4.0
  resolution: "express-bearer-token@npm:2.4.0"
  dependencies:
    cookie: ^0.3.1
    cookie-parser: ^1.4.4
  checksum: 7fddd77d7c6585209e86b20643736d239f2268c5a969b29f36421f95677705588a7a5d705b5d3c730a51d72e8006da37e9b4588daa00dd683527ee408af12b4a
  languageName: node
  linkType: hard

"express@npm:~4.17.1":
  version: 4.17.1
  resolution: "express@npm:4.17.1"
  dependencies:
    accepts: ~1.3.7
    array-flatten: 1.1.1
    body-parser: 1.19.0
    content-disposition: 0.5.3
    content-type: ~1.0.4
    cookie: 0.4.0
    cookie-signature: 1.0.6
    debug: 2.6.9
    depd: ~1.1.2
    encodeurl: ~1.0.2
    escape-html: ~1.0.3
    etag: ~1.8.1
    finalhandler: ~1.1.2
    fresh: 0.5.2
    merge-descriptors: 1.0.1
    methods: ~1.1.2
    on-finished: ~2.3.0
    parseurl: ~1.3.3
    path-to-regexp: 0.1.7
    proxy-addr: ~2.0.5
    qs: 6.7.0
    range-parser: ~1.2.1
    safe-buffer: 5.1.2
    send: 0.17.1
    serve-static: 1.14.1
    setprototypeof: 1.1.1
    statuses: ~1.5.0
    type-is: ~1.6.18
    utils-merge: 1.0.1
    vary: ~1.1.2
  checksum: d964e9e17af331ea6fa2f84999b063bc47189dd71b4a735df83f9126d3bb2b92e830f1cb1d7c2742530eb625e2689d7a9a9c71f0c3cc4dd6015c3cd32a01abd5
  languageName: node
  linkType: hard

"finalhandler@npm:~1.1.2":
  version: 1.1.2
  resolution: "finalhandler@npm:1.1.2"
  dependencies:
    debug: 2.6.9
    encodeurl: ~1.0.2
    escape-html: ~1.0.3
    on-finished: ~2.3.0
    parseurl: ~1.3.3
    statuses: ~1.5.0
    unpipe: ~1.0.0
  checksum: 617880460c5138dd7ccfd555cb5dde4d8f170f4b31b8bd51e4b646bb2946c30f7db716428a1f2882d730d2b72afb47d1f67cc487b874cb15426f95753a88965e
  languageName: node
  linkType: hard

"follow-redirects@npm:^1.10.0":
  version: 1.14.1
  resolution: "follow-redirects@npm:1.14.1"
  peerDependenciesMeta:
    debug:
      optional: true
  checksum: 7381a55bdc6951c5c1ab73a8da99d9fa4c0496ce72dba92cd2ac2babe0e3ebde9b81c5bca889498ad95984bc773d713284ca2bb17f1b1e1416e5f6531e39a488
  languageName: node
  linkType: hard

"forwarded@npm:0.2.0":
  version: 0.2.0
  resolution: "forwarded@npm:0.2.0"
  checksum: fd27e2394d8887ebd16a66ffc889dc983fbbd797d5d3f01087c020283c0f019a7d05ee85669383d8e0d216b116d720fc0cef2f6e9b7eb9f4c90c6e0bc7fd28e6
  languageName: node
  linkType: hard

"fresh@npm:0.5.2":
  version: 0.5.2
  resolution: "fresh@npm:0.5.2"
  checksum: 13ea8b08f91e669a64e3ba3a20eb79d7ca5379a81f1ff7f4310d54e2320645503cc0c78daedc93dfb6191287295f6479544a649c64d8e41a1c0fb0c221552346
  languageName: node
  linkType: hard

"graceful-fs@npm:^4.1.3":
  version: 4.2.6
  resolution: "graceful-fs@npm:4.2.6"
  checksum: 792e64aafda05a151289f83eaa16aff34ef259658cefd65393883d959409f5a2389b0ec9ebf28f3d21f1b0ddc8f594a1162ae9b18e2b507a6799a70706ec573d
  languageName: node
  linkType: hard

"helmet@npm:^4.6.0":
  version: 4.6.0
  resolution: "helmet@npm:4.6.0"
  checksum: 139ad678d1cab207b043c206f50f6744eff2ef1f463e4626d36718b45b337485c77d10260ef9d89d292fa678da5153d86b08172b3b365cc8e680241015ed3a49
  languageName: node
  linkType: hard

"http-errors@npm:1.7.2":
  version: 1.7.2
  resolution: "http-errors@npm:1.7.2"
  dependencies:
    depd: ~1.1.2
    inherits: 2.0.3
    setprototypeof: 1.1.1
    statuses: ">= 1.5.0 < 2"
    toidentifier: 1.0.0
  checksum: 5534b0ae08e77f5a45a2380f500e781f6580c4ff75b816cb1f09f99a290b57e78a518be6d866db1b48cca6b052c09da2c75fc91fb16a2fe3da3c44d9acbb9972
  languageName: node
  linkType: hard

"http-errors@npm:~1.7.2":
  version: 1.7.3
  resolution: "http-errors@npm:1.7.3"
  dependencies:
    depd: ~1.1.2
    inherits: 2.0.4
    setprototypeof: 1.1.1
    statuses: ">= 1.5.0 < 2"
    toidentifier: 1.0.0
  checksum: a59f359473f4b3ea78305beee90d186268d6075432622a46fb7483059068a2dd4c854a20ac8cd438883127e06afb78c1309168bde6cdfeed1e3700eb42487d99
  languageName: node
  linkType: hard

"iconv-lite@npm:0.4.24":
  version: 0.4.24
  resolution: "iconv-lite@npm:0.4.24"
  dependencies:
    safer-buffer: ">= 2.1.2 < 3"
  checksum: bd9f120f5a5b306f0bc0b9ae1edeb1577161503f5f8252a20f1a9e56ef8775c9959fd01c55f2d3a39d9a8abaf3e30c1abeb1895f367dcbbe0a8fd1c9ca01c4f6
  languageName: node
  linkType: hard

"inherits@npm:2.0.3":
  version: 2.0.3
  resolution: "inherits@npm:2.0.3"
  checksum: 78cb8d7d850d20a5e9a7f3620db31483aa00ad5f722ce03a55b110e5a723539b3716a3b463e2b96ce3fe286f33afc7c131fa2f91407528ba80cea98a7545d4c0
  languageName: node
  linkType: hard

"inherits@npm:2.0.4":
  version: 2.0.4
  resolution: "inherits@npm:2.0.4"
  checksum: 4a48a733847879d6cf6691860a6b1e3f0f4754176e4d71494c41f3475553768b10f84b5ce1d40fbd0e34e6bfbb864ee35858ad4dd2cf31e02fc4a154b724d7f1
  languageName: node
  linkType: hard

"ipaddr.js@npm:1.9.1":
  version: 1.9.1
  resolution: "ipaddr.js@npm:1.9.1"
  checksum: f88d3825981486f5a1942414c8d77dd6674dd71c065adcfa46f578d677edcb99fda25af42675cb59db492fdf427b34a5abfcde3982da11a8fd83a500b41cfe77
  languageName: node
  linkType: hard

"is-promise@npm:^2.1.0":
  version: 2.2.2
  resolution: "is-promise@npm:2.2.2"
  checksum: 18bf7d1c59953e0ad82a1ed963fb3dc0d135c8f299a14f89a17af312fc918373136e56028e8831700e1933519630cc2fd4179a777030330fde20d34e96f40c78
  languageName: node
  linkType: hard

"lodash@npm:4, lodash@npm:^4.17.21":
  version: 4.17.21
  resolution: "lodash@npm:4.17.21"
  checksum: eb835a2e51d381e561e508ce932ea50a8e5a68f4ebdd771ea240d3048244a8d13658acbd502cd4829768c56f2e16bdd4340b9ea141297d472517b83868e677f7
  languageName: node
  linkType: hard

"lowdb@npm:^1.0.0":
  version: 1.0.0
  resolution: "lowdb@npm:1.0.0"
  dependencies:
    graceful-fs: ^4.1.3
    is-promise: ^2.1.0
    lodash: 4
    pify: ^3.0.0
    steno: ^0.4.1
  checksum: 7ae89e3d6e00963129f72c4d4e1fe8e4cda5c08a46b4f4e525109483147e799df90c07d95aeced1c270cc10f4a24c6660fe1601cc4b3a6e2c3f922ad64517eab
  languageName: node
  linkType: hard

"media-typer@npm:0.3.0":
  version: 0.3.0
  resolution: "media-typer@npm:0.3.0"
  checksum: af1b38516c28ec95d6b0826f6c8f276c58aec391f76be42aa07646b4e39d317723e869700933ca6995b056db4b09a78c92d5440dc23657e6764be5d28874bba1
  languageName: node
  linkType: hard

"merge-descriptors@npm:1.0.1":
  version: 1.0.1
  resolution: "merge-descriptors@npm:1.0.1"
  checksum: 5abc259d2ae25bb06d19ce2b94a21632583c74e2a9109ee1ba7fd147aa7362b380d971e0251069f8b3eb7d48c21ac839e21fa177b335e82c76ec172e30c31a26
  languageName: node
  linkType: hard

"methods@npm:~1.1.2":
  version: 1.1.2
  resolution: "methods@npm:1.1.2"
  checksum: 0917ff4041fa8e2f2fda5425a955fe16ca411591fbd123c0d722fcf02b73971ed6f764d85f0a6f547ce49ee0221ce2c19a5fa692157931cecb422984f1dcd13a
  languageName: node
  linkType: hard

"mime-db@npm:1.48.0, mime-db@npm:>= 1.43.0 < 2":
  version: 1.48.0
  resolution: "mime-db@npm:1.48.0"
  checksum: d778392e474a5e78c24eef5a2894261f0ed168d2762c1ac2a115aa34c2274c9426178b92a6cc55e9edb8f13e7e9b8116380b0e61db9ff6d763e62876a65eea57
  languageName: node
  linkType: hard

"mime-types@npm:~2.1.24":
  version: 2.1.31
  resolution: "mime-types@npm:2.1.31"
  dependencies:
    mime-db: 1.48.0
  checksum: eb1612aa96403823c7a2ccb1a39d58ce11477e685560186e7d369d8164260fd6fc1eeb56fa23acb6a4050583f417b2a685b69c23eb2bd8ed169fb0c6e323740a
  languageName: node
  linkType: hard

"mime@npm:1.6.0":
  version: 1.6.0
  resolution: "mime@npm:1.6.0"
  bin:
    mime: cli.js
  checksum: fef25e39263e6d207580bdc629f8872a3f9772c923c7f8c7e793175cee22777bbe8bba95e5d509a40aaa292d8974514ce634ae35769faa45f22d17edda5e8557
  languageName: node
  linkType: hard

"morgan@npm:~1.10.0":
  version: 1.10.0
  resolution: "morgan@npm:1.10.0"
  dependencies:
    basic-auth: ~2.0.1
    debug: 2.6.9
    depd: ~2.0.0
    on-finished: ~2.3.0
    on-headers: ~1.0.2
  checksum: fb41e226ab5a1abf7e8909e486b387076534716d60207e361acfb5df78b84d703a7b7ea58f3046a9fd0b83d3c94bfabde32323341a1f1b26ce50680abd2ea5dd
  languageName: node
  linkType: hard

"ms@npm:2.0.0":
  version: 2.0.0
  resolution: "ms@npm:2.0.0"
  checksum: 0e6a22b8b746d2e0b65a430519934fefd41b6db0682e3477c10f60c76e947c4c0ad06f63ffdf1d78d335f83edee8c0aa928aa66a36c7cd95b69b26f468d527f4
  languageName: node
  linkType: hard

"ms@npm:2.1.1":
  version: 2.1.1
  resolution: "ms@npm:2.1.1"
  checksum: 0078a23cd916a9a7435c413caa14c57d4b4f6e2470e0ab554b6964163c8a4436448ac7ae020e883685475da6b6796cc396b670f579cb275db288a21e3e57721e
  languageName: node
  linkType: hard

"ms@npm:2.1.2":
  version: 2.1.2
  resolution: "ms@npm:2.1.2"
  checksum: 673cdb2c3133eb050c745908d8ce632ed2c02d85640e2edb3ace856a2266a813b30c613569bf3354fdf4ea7d1a1494add3bfa95e2713baa27d0c2c71fc44f58f
  languageName: node
  linkType: hard

"negotiator@npm:0.6.2":
  version: 0.6.2
  resolution: "negotiator@npm:0.6.2"
  checksum: dfddaff6c06792f1c4c3809e29a427b8daef8cd437c83b08dd51d7ee11bbd1c29d9512d66b801144d6c98e910ffd8723f2432e0cbf8b18d41d2a09599c975ab3
  languageName: node
  linkType: hard

"on-finished@npm:~2.3.0":
  version: 2.3.0
  resolution: "on-finished@npm:2.3.0"
  dependencies:
    ee-first: 1.1.1
  checksum: 1db595bd963b0124d6fa261d18320422407b8f01dc65863840f3ddaaf7bcad5b28ff6847286703ca53f4ec19595bd67a2f1253db79fc4094911ec6aa8df1671b
  languageName: node
  linkType: hard

"on-headers@npm:~1.0.2":
  version: 1.0.2
  resolution: "on-headers@npm:1.0.2"
  checksum: 2bf13467215d1e540a62a75021e8b318a6cfc5d4fc53af8e8f84ad98dbcea02d506c6d24180cd62e1d769c44721ba542f3154effc1f7579a8288c9f7873ed8e5
  languageName: node
  linkType: hard

"parseurl@npm:~1.3.3":
  version: 1.3.3
  resolution: "parseurl@npm:1.3.3"
  checksum: 407cee8e0a3a4c5cd472559bca8b6a45b82c124e9a4703302326e9ab60fc1081442ada4e02628efef1eb16197ddc7f8822f5a91fd7d7c86b51f530aedb17dfa2
  languageName: node
  linkType: hard

"path-to-regexp@npm:0.1.7":
  version: 0.1.7
  resolution: "path-to-regexp@npm:0.1.7"
  checksum: 69a14ea24db543e8b0f4353305c5eac6907917031340e5a8b37df688e52accd09e3cebfe1660b70d76b6bd89152f52183f28c74813dbf454ba1a01c82a38abce
  languageName: node
  linkType: hard

"pbkdf2-wrapper@npm:^1.3.2":
  version: 1.3.2
  resolution: "pbkdf2-wrapper@npm:1.3.2"
  dependencies:
    righto: ^6.1.3
  checksum: 63bfac95a704f82da036319192c54dd9d5342e0565fd1fac19062404ef56832fb684262b0e4cb4477da67febc93fcf83af1f5f0edac5b193c526a4c168f3c21b
  languageName: node
  linkType: hard

"pify@npm:^3.0.0":
  version: 3.0.0
  resolution: "pify@npm:3.0.0"
  checksum: 6cdcbc3567d5c412450c53261a3f10991665d660961e06605decf4544a61a97a54fefe70a68d5c37080ff9d6f4cf51444c90198d1ba9f9309a6c0d6e9f5c4fde
  languageName: node
  linkType: hard

"proxy-addr@npm:~2.0.5":
  version: 2.0.7
  resolution: "proxy-addr@npm:2.0.7"
  dependencies:
    forwarded: 0.2.0
    ipaddr.js: 1.9.1
  checksum: 29c6990ce9364648255454842f06f8c46fcd124d3e6d7c5066df44662de63cdc0bad032e9bf5a3d653ff72141cc7b6019873d685708ac8210c30458ad99f2b74
  languageName: node
  linkType: hard

"qs@npm:6.7.0":
  version: 6.7.0
  resolution: "qs@npm:6.7.0"
  checksum: dfd5f6adef50e36e908cfa70a6233871b5afe66fbaca37ecc1da352ba29eb2151a3797991948f158bb37fccde51bd57845cb619a8035287bfc24e4591172c347
  languageName: node
  linkType: hard

"range-parser@npm:~1.2.1":
  version: 1.2.1
  resolution: "range-parser@npm:1.2.1"
  checksum: 0a268d4fea508661cf5743dfe3d5f47ce214fd6b7dec1de0da4d669dd4ef3d2144468ebe4179049eff253d9d27e719c88dae55be64f954e80135a0cada804ec9
  languageName: node
  linkType: hard

"raw-body@npm:2.4.0":
  version: 2.4.0
  resolution: "raw-body@npm:2.4.0"
  dependencies:
    bytes: 3.1.0
    http-errors: 1.7.2
    iconv-lite: 0.4.24
    unpipe: 1.0.0
  checksum: 6343906939e018c6e633a34a938a5d6d1e93ffcfa48646e00207d53b418e941953b521473950c079347220944dc75ba10e7b3c08bf97e3ac72c7624882db09bb
  languageName: node
  linkType: hard

"righto@npm:^6.1.3":
  version: 6.1.3
  resolution: "righto@npm:6.1.3"
  dependencies:
    abbott: ^1.1.3
    setimmediate: ^1.0.5
  checksum: 2b51d3e5fbb513e49b98613480d3fd46527756aea13cd62abd63e3827fa00029cd11203db92c08f32b3080b5d36304a71241f8a364ab4f6708fbfe6071f99d71
  languageName: node
  linkType: hard

"safe-buffer@npm:5.1.2":
  version: 5.1.2
  resolution: "safe-buffer@npm:5.1.2"
  checksum: f2f1f7943ca44a594893a852894055cf619c1fbcb611237fc39e461ae751187e7baf4dc391a72125e0ac4fb2d8c5c0b3c71529622e6a58f46b960211e704903c
  languageName: node
  linkType: hard

"safer-buffer@npm:>= 2.1.2 < 3":
  version: 2.1.2
  resolution: "safer-buffer@npm:2.1.2"
  checksum: cab8f25ae6f1434abee8d80023d7e72b598cf1327164ddab31003c51215526801e40b66c5e65d658a0af1e9d6478cadcb4c745f4bd6751f97d8644786c0978b0
  languageName: node
  linkType: hard

"send@npm:0.17.1":
  version: 0.17.1
  resolution: "send@npm:0.17.1"
  dependencies:
    debug: 2.6.9
    depd: ~1.1.2
    destroy: ~1.0.4
    encodeurl: ~1.0.2
    escape-html: ~1.0.3
    etag: ~1.8.1
    fresh: 0.5.2
    http-errors: ~1.7.2
    mime: 1.6.0
    ms: 2.1.1
    on-finished: ~2.3.0
    range-parser: ~1.2.1
    statuses: ~1.5.0
  checksum: d214c2fa42e7fae3f8fc1aa3931eeb3e6b78c2cf141574e09dbe159915c1e3a337269fc6b7512e7dfddcd7d6ff5974cb62f7c3637ba86a55bde20a92c18bdca0
  languageName: node
  linkType: hard

"serve-static@npm:1.14.1":
  version: 1.14.1
  resolution: "serve-static@npm:1.14.1"
  dependencies:
    encodeurl: ~1.0.2
    escape-html: ~1.0.3
    parseurl: ~1.3.3
    send: 0.17.1
  checksum: c6b268e8486d39ecd54b86c7f2d0ee4a38cd7514ddd9c92c8d5793bb005afde5e908b12395898ae206782306ccc848193d93daa15b86afb3cbe5a8414806abe8
  languageName: node
  linkType: hard

"setimmediate@npm:^1.0.5":
  version: 1.0.5
  resolution: "setimmediate@npm:1.0.5"
  checksum: c9a6f2c5b51a2dabdc0247db9c46460152ffc62ee139f3157440bd48e7c59425093f42719ac1d7931f054f153e2d26cf37dfeb8da17a794a58198a2705e527fd
  languageName: node
  linkType: hard

"setprototypeof@npm:1.1.1":
  version: 1.1.1
  resolution: "setprototypeof@npm:1.1.1"
  checksum: a8bee29c1c64c245d460ce53f7460af8cbd0aceac68d66e5215153992cc8b3a7a123416353e0c642060e85cc5fd4241c92d1190eec97eda0dcb97436e8fcca3b
  languageName: node
  linkType: hard

"statuses@npm:>= 1.5.0 < 2, statuses@npm:~1.5.0":
  version: 1.5.0
  resolution: "statuses@npm:1.5.0"
  checksum: c469b9519de16a4bb19600205cffb39ee471a5f17b82589757ca7bd40a8d92ebb6ed9f98b5a540c5d302ccbc78f15dc03cc0280dd6e00df1335568a5d5758a5c
  languageName: node
  linkType: hard

"steno@npm:^0.4.1":
  version: 0.4.4
  resolution: "steno@npm:0.4.4"
  dependencies:
    graceful-fs: ^4.1.3
  checksum: 87df4121cf8159fceb3dc925111aff1e237bdea2d37f6684eabbcdea63bfcff79b3234f2a61ffe8de5cf17fcb97e2cf09075a2a98993251f79e2868fe0d5ba1e
  languageName: node
  linkType: hard

"toidentifier@npm:1.0.0":
  version: 1.0.0
  resolution: "toidentifier@npm:1.0.0"
  checksum: 199e6bfca1531d49b3506cff02353d53ec987c9ee10ee272ca6484ed97f1fc10fb77c6c009079ca16d5c5be4a10378178c3cacdb41ce9ec954c3297c74c6053e
  languageName: node
  linkType: hard

"type-is@npm:~1.6.17, type-is@npm:~1.6.18":
  version: 1.6.18
  resolution: "type-is@npm:1.6.18"
  dependencies:
    media-typer: 0.3.0
    mime-types: ~2.1.24
  checksum: 2c8e47675d55f8b4e404bcf529abdf5036c537a04c2b20177bcf78c9e3c1da69da3942b1346e6edb09e823228c0ee656ef0e033765ec39a70d496ef601a0c657
  languageName: node
  linkType: hard

"unpipe@npm:1.0.0, unpipe@npm:~1.0.0":
  version: 1.0.0
  resolution: "unpipe@npm:1.0.0"
  checksum: 4fa18d8d8d977c55cb09715385c203197105e10a6d220087ec819f50cb68870f02942244f1017565484237f1f8c5d3cd413631b1ae104d3096f24fdfde1b4aa2
  languageName: node
  linkType: hard

"utils-merge@npm:1.0.1":
  version: 1.0.1
  resolution: "utils-merge@npm:1.0.1"
  checksum: c81095493225ecfc28add49c106ca4f09cdf56bc66731aa8dabc2edbbccb1e1bfe2de6a115e5c6a380d3ea166d1636410b62ef216bb07b3feb1cfde1d95d5080
  languageName: node
  linkType: hard

"vary@npm:~1.1.2":
  version: 1.1.2
  resolution: "vary@npm:1.1.2"
  checksum: ae0123222c6df65b437669d63dfa8c36cee20a504101b2fcd97b8bf76f91259c17f9f2b4d70a1e3c6bbcee7f51b28392833adb6b2770b23b01abec84e369660b
  languageName: node
  linkType: hard

"zero-ui-backend@workspace:.":
  version: 0.0.0-use.local
  resolution: "zero-ui-backend@workspace:."
  dependencies:
    axios: ^0.21.1
    compression: ^1.7.4
    debug: ~4.3.1
    dotenv: ^10.0.0
    express: ~4.17.1
    express-bearer-token: ^2.4.0
    helmet: ^4.6.0
    lodash: ^4.17.21
    lowdb: ^1.0.0
    morgan: ~1.10.0
    pbkdf2-wrapper: ^1.3.2
  languageName: unknown
  linkType: soft
